{
  "version": 4,
  "terraform_version": "1.5.7",
  "serial": 17,
  "lineage": "a506107d-aed4-5ea8-732d-af477e2b6135",
  "outputs": {
    "aws_ec2_object": {
      "value": 2,
      "type": "number"
    },
    "export_exmpl": {
      "value": "NegiManish",
      "type": "string"
    }
  },
  "resources": [
    {
      "mode": "managed",
      "type": "local_file",
      "name": "devops-automated-rsc",
      "provider": "provider[\"registry.terraform.io/hashicorp/local\"]",
      "instances": [
        {
          "schema_version": 0,
          "attributes": {
            "content": "This is content 2 line",
            "content_base64": null,
            "content_base64sha256": "osjAMEOyk2C5Cyypg6gB8Gt+/KcKLHpf3KUFnhcgFCA=",
            "content_base64sha512": "c+4ke9sJG49UyeBRV4Zo/kXORm6uATfVwiELTNZZqaCA0mSQTdBt4FomPEtotH3sNA32Z4mRGQ6l1XRh9v0Kwg==",
            "content_md5": "874a15d9311d6b2e1848ff4639fb27b3",
            "content_sha1": "95f5f090673c9a0269704366884ba70d29daaafe",
            "content_sha256": "a2c8c03043b29360b90b2ca983a801f06b7efca70a2c7a5fdca5059e17201420",
            "content_sha512": "73ee247bdb091b8f54c9e051578668fe45ce466eae0137d5c2210b4cd659a9a080d264904dd06de05a263c4b68b47dec340df6678991190ea5d57461f6fd0ac2",
            "directory_permission": "0777",
            "file_permission": "0777",
            "filename": "/home/ubuntu/terraform-varibles/file2.txt",
            "id": "95f5f090673c9a0269704366884ba70d29daaafe",
            "sensitive_content": null,
            "source": null
          },
          "sensitive_attributes": []
        }
      ]
    },
    {
      "mode": "managed",
      "type": "local_file",
      "name": "devops-rsc",
      "provider": "provider[\"registry.terraform.io/hashicorp/local\"]",
      "instances": [
        {
          "schema_version": 0,
          "attributes": {
            "content": "This is content 1 line",
            "content_base64": null,
            "content_base64sha256": "JAqugSbGpgrGnDD5PIAy80sWP39UvKLoiB5bAXAaveg=",
            "content_base64sha512": "JZFOdPiynugeBN+6awQej1mGFsL4wi29HCIzyG/MEOsbAGDz+wc0x35daG33tjOAEtAIfOWGp1fKUFLs09JaTg==",
            "content_md5": "0c26307156ef350406676bb799e3cddb",
            "content_sha1": "27a4afe5d813134b25acde20cfc80932811ef934",
            "content_sha256": "240aae8126c6a60ac69c30f93c8032f34b163f7f54bca2e8881e5b01701abde8",
            "content_sha512": "25914e74f8b29ee81e04dfba6b041e8f598616c2f8c22dbd1c2233c86fcc10eb1b0060f3fb0734c77e5d686df7b6338012d0087ce586a757ca5052ecd3d25a4e",
            "directory_permission": "0777",
            "file_permission": "0777",
            "filename": "/home/ubuntu/terraform-varibles/file1.txt",
            "id": "27a4afe5d813134b25acde20cfc80932811ef934",
            "sensitive_content": null,
            "source": null
          },
          "sensitive_attributes": []
        }
      ]
    }
  ],
  "check_results": null
}
